<?xml version="1.0" encoding="utf-8"?>
<Project ToolsVersion="4.0" xmlns="http://schemas.microsoft.com/developer/msbuild/2003">
  <ItemGroup>
    <ClCompile Include="instrument-data-link.cpp" />
    <ClCompile Include="simvarDefs.cpp" />
    <ClCompile Include="jetbridge\Client.cpp">
      <Filter>Jetbridge</Filter>
    </ClCompile>
    <ClCompile Include="jetbridge\Protocol.cpp">
      <Filter>Jetbridge</Filter>
    </ClCompile>
    <ClCompile Include="jetbridge.cpp" />
    <ClCompile Include="vjoy.cpp" />
  </ItemGroup>
  <ItemGroup>
    <ClInclude Include="simvarDefs.h" />
    <ClInclude Include="jetbridge\Client.h">
      <Filter>Jetbridge</Filter>
    </ClInclude>
    <ClInclude Include="jetbridge\Protocol.h">
      <Filter>Jetbridge</Filter>
    </ClInclude>
    <ClInclude Include="LVars-A310.h" />
    <ClInclude Include="LVars-A32NX.h" />
    <ClInclude Include="LVars-Kodiak100.h" />
    <ClInclude Include="jetbridge.h" />
    <ClInclude Include="vjoy.h" />
    <ClInclude Include="LVars-PA28.h" />
  </ItemGroup>
  <ItemGroup>
    <None Include="C:\MSFS SDK\SimConnect SDK\VS\SimConnectClient-static.props" />
  </ItemGroup>
  <ItemGroup>
    <Filter Include="Jetbridge">
      <UniqueIdentifier>{43b308f5-d220-472b-8b64-866564fadcc3}</UniqueIdentifier>
    </Filter>
  </ItemGroup>
</Project>